
Microsoft Visual Studio Solution File, Format Version 12.00
Project("{2150E333-8FDC-42A3-9474-1A3956D46DE8}") = "Microservices", "Microservices", "{9DA4F9B6-A0B0-45B8-AE8F-80A1D843AD02}"
EndProject
Project("{2150E333-8FDC-42A3-9474-1A3956D46DE8}") = "Domain", "Domain", "{AE7EB0B2-81C5-41A4-AF8B-E7BF436A6E88}"
EndProject
Project("{2150E333-8FDC-42A3-9474-1A3956D46DE8}") = "Infra.Bus", "Infra.Bus", "{6C5F9C1E-6482-449C-972D-97FE271BDA70}"
EndProject
Project("{2150E333-8FDC-42A3-9474-1A3956D46DE8}") = "Infra.IoC", "Infra.IoC", "{C3018F63-2948-42C9-9256-DAA68B5B7F37}"
EndProject
Project("{2150E333-8FDC-42A3-9474-1A3956D46DE8}") = "Presentation", "Presentation", "{5889D800-F091-4E65-A0B9-398A34126EDE}"
EndProject
Project("{FAE04EC0-301F-11D3-BF4B-00C04F79EFBC}") = "MicroRabbit.Domain.Core", "MicroRabbit.Domain.Core\MicroRabbit.Domain.Core.csproj", "{F0448201-10BD-45B7-8FEE-7F6B455BAE28}"
EndProject
Global
	GlobalSection(SolutionConfigurationPlatforms) = preSolution
		Debug|Any CPU = Debug|Any CPU
		Release|Any CPU = Release|Any CPU
	EndGlobalSection
	GlobalSection(NestedProjects) = preSolution
		{F0448201-10BD-45B7-8FEE-7F6B455BAE28} = {AE7EB0B2-81C5-41A4-AF8B-E7BF436A6E88}
	EndGlobalSection
	GlobalSection(ProjectConfigurationPlatforms) = postSolution
		{F0448201-10BD-45B7-8FEE-7F6B455BAE28}.Debug|Any CPU.ActiveCfg = Debug|Any CPU
		{F0448201-10BD-45B7-8FEE-7F6B455BAE28}.Debug|Any CPU.Build.0 = Debug|Any CPU
		{F0448201-10BD-45B7-8FEE-7F6B455BAE28}.Release|Any CPU.ActiveCfg = Release|Any CPU
		{F0448201-10BD-45B7-8FEE-7F6B455BAE28}.Release|Any CPU.Build.0 = Release|Any CPU
	EndGlobalSection
EndGlobal
